{
  "nodes": {
    "encore": {
      "inputs": {
        "nixpkgs": [
          "throw-party",
          "nixpkgs"
        ]
      },
      "locked": {
        "lastModified": 1768765837,
        "narHash": "sha256-KNzMFI+OP8rF6SYud6u3w3HjeHAGxTFeVTV0RrRRdAs=",
        "owner": "encoredev",
        "repo": "encore-flake",
        "rev": "d967b87343c4b79b62c1410b8a1809b39b20b198",
        "type": "github"
      },
      "original": {
        "owner": "encoredev",
        "repo": "encore-flake",
        "type": "github"
      }
    },
    "flake-utils": {
      "inputs": {
        "systems": "systems"
      },
      "locked": {
        "lastModified": 1731533236,
        "narHash": "sha256-l0KFg5HjrsfsO/JpG+r7fRrqm12kzFHyUHqHCVpMMbI=",
        "owner": "numtide",
        "repo": "flake-utils",
        "rev": "11707dc2f618dd54ca8739b309ec4fc024de578b",
        "type": "github"
      },
      "original": {
        "owner": "numtide",
        "repo": "flake-utils",
        "type": "github"
      }
    },
    "flake-utils_2": {
      "inputs": {
        "systems": "systems_2"
      },
      "locked": {
        "lastModified": 1731533236,
        "narHash": "sha256-l0KFg5HjrsfsO/JpG+r7fRrqm12kzFHyUHqHCVpMMbI=",
        "owner": "numtide",
        "repo": "flake-utils",
        "rev": "11707dc2f618dd54ca8739b309ec4fc024de578b",
        "type": "github"
      },
      "original": {
        "owner": "numtide",
        "repo": "flake-utils",
        "type": "github"
      }
    },
    "nixpkgs": {
      "locked": {
        "lastModified": 1771601853,
        "narHash": "sha256-MctTqPB3iaW0ZW3oBFD/i/aj7efNxmuM5mTHlOYd3oQ=",
        "owner": "NixOS",
        "repo": "nixpkgs",
        "rev": "adbca605ca870b56c30521a0cb44edd9f90775e6",
        "type": "github"
      },
      "original": {
        "owner": "NixOS",
        "ref": "release-25.11",
        "repo": "nixpkgs",
        "type": "github"
      }
    },
    "root": {
      "inputs": {
        "flake-utils": "flake-utils",
        "nixpkgs": "nixpkgs",
        "throw-party": "throw-party"
      }
    },
    "systems": {
      "locked": {
        "lastModified": 1681028828,
        "narHash": "sha256-Vy1rq5AaRuLzOxct8nz4T6wlgyUR7zLU309k9mBC768=",
        "owner": "nix-systems",
        "repo": "default",
        "rev": "da67096a3b9bf56a91d16901293e51ba5b49a27e",
        "type": "github"
      },
      "original": {
        "owner": "nix-systems",
        "repo": "default",
        "type": "github"
      }
    },
    "systems_2": {
      "locked": {
        "lastModified": 1681028828,
        "narHash": "sha256-Vy1rq5AaRuLzOxct8nz4T6wlgyUR7zLU309k9mBC768=",
        "owner": "nix-systems",
        "repo": "default",
        "rev": "da67096a3b9bf56a91d16901293e51ba5b49a27e",
        "type": "github"
      },
      "original": {
        "owner": "nix-systems",
        "repo": "default",
        "type": "github"
      }
    },
    "throw-party": {
      "inputs": {
        "encore": "encore",
        "flake-utils": "flake-utils_2",
        "nixpkgs": [
          "nixpkgs"
        ]
      },
      "locked": {
        "lastModified": 1769859465,
        "narHash": "sha256-kVrLeQ50pCY5EJi+kUs9eAT27cum+Cz6JY8ebfaikig=",
        "ref": "refs/heads/main",
        "rev": "7fd1f4f905e5325daa51cf0c6ac5c82d06b94368",
        "revCount": 11,
        "type": "git",
        "url": "ssh://git@github.com/throwparty/nix"
      },
      "original": {
        "type": "git",
        "url": "ssh://git@github.com/throwparty/nix"
      }
    }
  },
  "root": "root",
  "version": 7
}
